// !$*UTF8*$!
{
	archiveVersion = 1;
	classes = {
	};
	objectVersion = 46;
	objects = {

/* Begin PBXBuildFile section */
		6708F71019D9AD3B00CA487E /* LOHMViewController.m in Sources */ = {isa = PBXBuildFile; fileRef = 6708F70F19D9AD3B00CA487E /* LOHMViewController.m */; };
		671FBA3619D45B27000C8BAB /* Foundation.framework in Frameworks */ = {isa = PBXBuildFile; fileRef = 671FBA3519D45B27000C8BAB /* Foundation.framework */; };
		671FBA3819D45B27000C8BAB /* CoreGraphics.framework in Frameworks */ = {isa = PBXBuildFile; fileRef = 671FBA3719D45B27000C8BAB /* CoreGraphics.framework */; };
		671FBA3A19D45B27000C8BAB /* UIKit.framework in Frameworks */ = {isa = PBXBuildFile; fileRef = 671FBA3919D45B27000C8BAB /* UIKit.framework */; };
		671FBA4019D45B27000C8BAB /* InfoPlist.strings in Resources */ = {isa = PBXBuildFile; fileRef = 671FBA3E19D45B27000C8BAB /* InfoPlist.strings */; };
		671FBA4219D45B27000C8BAB /* main.m in Sources */ = {isa = PBXBuildFile; fileRef = 671FBA4119D45B27000C8BAB /* main.m */; };
		671FBA4619D45B27000C8BAB /* LAppDelegate.m in Sources */ = {isa = PBXBuildFile; fileRef = 671FBA4519D45B27000C8BAB /* LAppDelegate.m */; };
		671FBA4919D45B27000C8BAB /* Main_iPhone.storyboard in Resources */ = {isa = PBXBuildFile; fileRef = 671FBA4719D45B27000C8BAB /* Main_iPhone.storyboard */; };
		671FBA4C19D45B27000C8BAB /* Main_iPad.storyboard in Resources */ = {isa = PBXBuildFile; fileRef = 671FBA4A19D45B27000C8BAB /* Main_iPad.storyboard */; };
		671FBA4F19D45B27000C8BAB /* LViewController.m in Sources */ = {isa = PBXBuildFile; fileRef = 671FBA4E19D45B27000C8BAB /* LViewController.m */; };
		671FBA5119D45B27000C8BAB /* Images.xcassets in Resources */ = {isa = PBXBuildFile; fileRef = 671FBA5019D45B27000C8BAB /* Images.xcassets */; };
		671FBA5819D45B27000C8BAB /* XCTest.framework in Frameworks */ = {isa = PBXBuildFile; fileRef = 671FBA5719D45B27000C8BAB /* XCTest.framework */; };
		671FBA5919D45B27000C8BAB /* Foundation.framework in Frameworks */ = {isa = PBXBuildFile; fileRef = 671FBA3519D45B27000C8BAB /* Foundation.framework */; };
		671FBA5A19D45B27000C8BAB /* UIKit.framework in Frameworks */ = {isa = PBXBuildFile; fileRef = 671FBA3919D45B27000C8BAB /* UIKit.framework */; };
		671FBA6219D45B27000C8BAB /* InfoPlist.strings in Resources */ = {isa = PBXBuildFile; fileRef = 671FBA6019D45B27000C8BAB /* InfoPlist.strings */; };
		671FBA6419D45B27000C8BAB /* IOTDemo1Tests.m in Sources */ = {isa = PBXBuildFile; fileRef = 671FBA6319D45B27000C8BAB /* IOTDemo1Tests.m */; };
		678C025219DBBA07000E5726 /* LHTTPTableViewController.m in Sources */ = {isa = PBXBuildFile; fileRef = 678C024F19DBBA07000E5726 /* LHTTPTableViewController.m */; };
		678C025319DBBA07000E5726 /* LHTTPViewController.m in Sources */ = {isa = PBXBuildFile; fileRef = 678C025119DBBA07000E5726 /* LHTTPViewController.m */; };
		67B0429219D83A0900A8FCF6 /* NetworkManager.m in Sources */ = {isa = PBXBuildFile; fileRef = 67B0429119D83A0900A8FCF6 /* NetworkManager.m */; };
		67D574BA19E3BE9F00891975 /* LPicsTableViewController.m in Sources */ = {isa = PBXBuildFile; fileRef = 67D574B919E3BE9F00891975 /* LPicsTableViewController.m */; };
		67D9095119E3BF2D0031CC81 /* LPicsTableViewCell.m in Sources */ = {isa = PBXBuildFile; fileRef = 67D9095019E3BF2D0031CC81 /* LPicsTableViewCell.m */; };
/* End PBXBuildFile section */

/* Begin PBXContainerItemProxy section */
		671FBA5B19D45B27000C8BAB /* PBXContainerItemProxy */ = {
			isa = PBXContainerItemProxy;
			containerPortal = 671FBA2A19D45B27000C8BAB /* Project object */;
			proxyType = 1;
			remoteGlobalIDString = 671FBA3119D45B27000C8BAB;
			remoteInfo = IOTDemo1;
		};
/* End PBXContainerItemProxy section */

/* Begin PBXFileReference section */
		6708F70E19D9AD3B00CA487E /* LOHMViewController.h */ = {isa = PBXFileReference; fileEncoding = 4; lastKnownFileType = sourcecode.c.h; path = LOHMViewController.h; sourceTree = "<group>"; };
		6708F70F19D9AD3B00CA487E /* LOHMViewController.m */ = {isa = PBXFileReference; fileEncoding = 4; lastKnownFileType = sourcecode.c.objc; path = LOHMViewController.m; sourceTree = "<group>"; };
		671FBA3219D45B27000C8BAB /* IOTDemo1.app */ = {isa = PBXFileReference; explicitFileType = wrapper.application; includeInIndex = 0; path = IOTDemo1.app; sourceTree = BUILT_PRODUCTS_DIR; };
		671FBA3519D45B27000C8BAB /* Foundation.framework */ = {isa = PBXFileReference; lastKnownFileType = wrapper.framework; name = Foundation.framework; path = System/Library/Frameworks/Foundation.framework; sourceTree = SDKROOT; };
		671FBA3719D45B27000C8BAB /* CoreGraphics.framework */ = {isa = PBXFileReference; lastKnownFileType = wrapper.framework; name = CoreGraphics.framework; path = System/Library/Frameworks/CoreGraphics.framework; sourceTree = SDKROOT; };
		671FBA3919D45B27000C8BAB /* UIKit.framework */ = {isa = PBXFileReference; lastKnownFileType = wrapper.framework; name = UIKit.framework; path = System/Library/Frameworks/UIKit.framework; sourceTree = SDKROOT; };
		671FBA3D19D45B27000C8BAB /* IOTDemo1-Info.plist */ = {isa = PBXFileReference; lastKnownFileType = text.plist.xml; path = "IOTDemo1-Info.plist"; sourceTree = "<group>"; };
		671FBA3F19D45B27000C8BAB /* en */ = {isa = PBXFileReference; lastKnownFileType = text.plist.strings; name = en; path = en.lproj/InfoPlist.strings; sourceTree = "<group>"; };
		671FBA4119D45B27000C8BAB /* main.m */ = {isa = PBXFileReference; lastKnownFileType = sourcecode.c.objc; path = main.m; sourceTree = "<group>"; };
		671FBA4319D45B27000C8BAB /* IOTDemo1-Prefix.pch */ = {isa = PBXFileReference; lastKnownFileType = sourcecode.c.h; path = "IOTDemo1-Prefix.pch"; sourceTree = "<group>"; };
		671FBA4419D45B27000C8BAB /* LAppDelegate.h */ = {isa = PBXFileReference; lastKnownFileType = sourcecode.c.h; path = LAppDelegate.h; sourceTree = "<group>"; };
		671FBA4519D45B27000C8BAB /* LAppDelegate.m */ = {isa = PBXFileReference; lastKnownFileType = sourcecode.c.objc; path = LAppDelegate.m; sourceTree = "<group>"; };
		671FBA4819D45B27000C8BAB /* Base */ = {isa = PBXFileReference; lastKnownFileType = file.storyboard; name = Base; path = Base.lproj/Main_iPhone.storyboard; sourceTree = "<group>"; };
		671FBA4B19D45B27000C8BAB /* Base */ = {isa = PBXFileReference; lastKnownFileType = file.storyboard; name = Base; path = Base.lproj/Main_iPad.storyboard; sourceTree = "<group>"; };
		671FBA4D19D45B27000C8BAB /* LViewController.h */ = {isa = PBXFileReference; lastKnownFileType = sourcecode.c.h; path = LViewController.h; sourceTree = "<group>"; };
		671FBA4E19D45B27000C8BAB /* LViewController.m */ = {isa = PBXFileReference; lastKnownFileType = sourcecode.c.objc; path = LViewController.m; sourceTree = "<group>"; };
		671FBA5019D45B27000C8BAB /* Images.xcassets */ = {isa = PBXFileReference; lastKnownFileType = folder.assetcatalog; path = Images.xcassets; sourceTree = "<group>"; };
		671FBA5619D45B27000C8BAB /* IOTDemo1Tests.xctest */ = {isa = PBXFileReference; explicitFileType = wrapper.cfbundle; includeInIndex = 0; path = IOTDemo1Tests.xctest; sourceTree = BUILT_PRODUCTS_DIR; };
		671FBA5719D45B27000C8BAB /* XCTest.framework */ = {isa = PBXFileReference; lastKnownFileType = wrapper.framework; name = XCTest.framework; path = Library/Frameworks/XCTest.framework; sourceTree = DEVELOPER_DIR; };
		671FBA5F19D45B27000C8BAB /* IOTDemo1Tests-Info.plist */ = {isa = PBXFileReference; lastKnownFileType = text.plist.xml; path = "IOTDemo1Tests-Info.plist"; sourceTree = "<group>"; };
		671FBA6119D45B27000C8BAB /* en */ = {isa = PBXFileReference; lastKnownFileType = text.plist.strings; name = en; path = en.lproj/InfoPlist.strings; sourceTree = "<group>"; };
		671FBA6319D45B27000C8BAB /* IOTDemo1Tests.m */ = {isa = PBXFileReference; lastKnownFileType = sourcecode.c.objc; path = IOTDemo1Tests.m; sourceTree = "<group>"; };
		678C024E19DBBA07000E5726 /* LHTTPTableViewController.h */ = {isa = PBXFileReference; fileEncoding = 4; lastKnownFileType = sourcecode.c.h; path = LHTTPTableViewController.h; sourceTree = "<group>"; };
		678C024F19DBBA07000E5726 /* LHTTPTableViewController.m */ = {isa = PBXFileReference; fileEncoding = 4; lastKnownFileType = sourcecode.c.objc; path = LHTTPTableViewController.m; sourceTree = "<group>"; };
		678C025019DBBA07000E5726 /* LHTTPViewController.h */ = {isa = PBXFileReference; fileEncoding = 4; lastKnownFileType = sourcecode.c.h; path = LHTTPViewController.h; sourceTree = "<group>"; };
		678C025119DBBA07000E5726 /* LHTTPViewController.m */ = {isa = PBXFileReference; fileEncoding = 4; lastKnownFileType = sourcecode.c.objc; path = LHTTPViewController.m; sourceTree = "<group>"; };
		67B0429019D83A0900A8FCF6 /* NetworkManager.h */ = {isa = PBXFileReference; fileEncoding = 4; lastKnownFileType = sourcecode.c.h; path = NetworkManager.h; sourceTree = "<group>"; };
		67B0429119D83A0900A8FCF6 /* NetworkManager.m */ = {isa = PBXFileReference; fileEncoding = 4; lastKnownFileType = sourcecode.c.objc; path = NetworkManager.m; sourceTree = "<group>"; };
		67D574B819E3BE9F00891975 /* LPicsTableViewController.h */ = {isa = PBXFileReference; fileEncoding = 4; lastKnownFileType = sourcecode.c.h; path = LPicsTableViewController.h; sourceTree = "<group>"; };
		67D574B919E3BE9F00891975 /* LPicsTableViewController.m */ = {isa = PBXFileReference; fileEncoding = 4; lastKnownFileType = sourcecode.c.objc; path = LPicsTableViewController.m; sourceTree = "<group>"; };
		67D9094F19E3BF2D0031CC81 /* LPicsTableViewCell.h */ = {isa = PBXFileReference; fileEncoding = 4; lastKnownFileType = sourcecode.c.h; path = LPicsTableViewCell.h; sourceTree = "<group>"; };
		67D9095019E3BF2D0031CC81 /* LPicsTableViewCell.m */ = {isa = PBXFileReference; fileEncoding = 4; lastKnownFileType = sourcecode.c.objc; path = LPicsTableViewCell.m; sourceTree = "<group>"; };
/* End PBXFileReference section */

/* Begin PBXFrameworksBuildPhase section */
		671FBA2F19D45B27000C8BAB /* Frameworks */ = {
			isa = PBXFrameworksBuildPhase;
			buildActionMask = 2147483647;
			files = (
				671FBA3819D45B27000C8BAB /* CoreGraphics.framework in Frameworks */,
				671FBA3A19D45B27000C8BAB /* UIKit.framework in Frameworks */,
				671FBA3619D45B27000C8BAB /* Foundation.framework in Frameworks */,
			);
			runOnlyForDeploymentPostprocessing = 0;
		};
		671FBA5319D45B27000C8BAB /* Frameworks */ = {
			isa = PBXFrameworksBuildPhase;
			buildActionMask = 2147483647;
			files = (
				671FBA5819D45B27000C8BAB /* XCTest.framework in Frameworks */,
				671FBA5A19D45B27000C8BAB /* UIKit.framework in Frameworks */,
				671FBA5919D45B27000C8BAB /* Foundation.framework in Frameworks */,
			);
			runOnlyForDeploymentPostprocessing = 0;
		};
/* End PBXFrameworksBuildPhase section */

/* Begin PBXGroup section */
		671FBA2919D45B27000C8BAB = {
			isa = PBXGroup;
			children = (
				671FBA3B19D45B27000C8BAB /* IOTDemo1 */,
				671FBA5D19D45B27000C8BAB /* IOTDemo1Tests */,
				671FBA3419D45B27000C8BAB /* Frameworks */,
				671FBA3319D45B27000C8BAB /* Products */,
			);
			sourceTree = "<group>";
		};
		671FBA3319D45B27000C8BAB /* Products */ = {
			isa = PBXGroup;
			children = (
				671FBA3219D45B27000C8BAB /* IOTDemo1.app */,
				671FBA5619D45B27000C8BAB /* IOTDemo1Tests.xctest */,
			);
			name = Products;
			sourceTree = "<group>";
		};
		671FBA3419D45B27000C8BAB /* Frameworks */ = {
			isa = PBXGroup;
			children = (
				671FBA3519D45B27000C8BAB /* Foundation.framework */,
				671FBA3719D45B27000C8BAB /* CoreGraphics.framework */,
				671FBA3919D45B27000C8BAB /* UIKit.framework */,
				671FBA5719D45B27000C8BAB /* XCTest.framework */,
			);
			name = Frameworks;
			sourceTree = "<group>";
		};
		671FBA3B19D45B27000C8BAB /* IOTDemo1 */ = {
			isa = PBXGroup;
			children = (
				67B0428F19D83A0900A8FCF6 /* common */,
				678C024E19DBBA07000E5726 /* LHTTPTableViewController.h */,
				678C024F19DBBA07000E5726 /* LHTTPTableViewController.m */,
				67D574B819E3BE9F00891975 /* LPicsTableViewController.h */,
				67D574B919E3BE9F00891975 /* LPicsTableViewController.m */,
				67D9094F19E3BF2D0031CC81 /* LPicsTableViewCell.h */,
				67D9095019E3BF2D0031CC81 /* LPicsTableViewCell.m */,
				678C025019DBBA07000E5726 /* LHTTPViewController.h */,
				678C025119DBBA07000E5726 /* LHTTPViewController.m */,
				6708F70E19D9AD3B00CA487E /* LOHMViewController.h */,
				6708F70F19D9AD3B00CA487E /* LOHMViewController.m */,
				671FBA4419D45B27000C8BAB /* LAppDelegate.h */,
				671FBA4519D45B27000C8BAB /* LAppDelegate.m */,
				671FBA4719D45B27000C8BAB /* Main_iPhone.storyboard */,
				671FBA4A19D45B27000C8BAB /* Main_iPad.storyboard */,
				671FBA4D19D45B27000C8BAB /* LViewController.h */,
				671FBA4E19D45B27000C8BAB /* LViewController.m */,
				671FBA5019D45B27000C8BAB /* Images.xcassets */,
				671FBA3C19D45B27000C8BAB /* Supporting Files */,
			);
			path = IOTDemo1;
			sourceTree = "<group>";
		};
		671FBA3C19D45B27000C8BAB /* Supporting Files */ = {
			isa = PBXGroup;
			children = (
				671FBA3D19D45B27000C8BAB /* IOTDemo1-Info.plist */,
				671FBA3E19D45B27000C8BAB /* InfoPlist.strings */,
				671FBA4119D45B27000C8BAB /* main.m */,
				671FBA4319D45B27000C8BAB /* IOTDemo1-Prefix.pch */,
			);
			name = "Supporting Files";
			sourceTree = "<group>";
		};
		671FBA5D19D45B27000C8BAB /* IOTDemo1Tests */ = {
			isa = PBXGroup;
			children = (
				671FBA6319D45B27000C8BAB /* IOTDemo1Tests.m */,
				671FBA5E19D45B27000C8BAB /* Supporting Files */,
			);
			path = IOTDemo1Tests;
			sourceTree = "<group>";
		};
		671FBA5E19D45B27000C8BAB /* Supporting Files */ = {
			isa = PBXGroup;
			children = (
				671FBA5F19D45B27000C8BAB /* IOTDemo1Tests-Info.plist */,
				671FBA6019D45B27000C8BAB /* InfoPlist.strings */,
			);
			name = "Supporting Files";
			sourceTree = "<group>";
		};
		67B0428F19D83A0900A8FCF6 /* common */ = {
			isa = PBXGroup;
			children = (
				67B0429019D83A0900A8FCF6 /* NetworkManager.h */,
				67B0429119D83A0900A8FCF6 /* NetworkManager.m */,
			);
			path = common;
			sourceTree = "<group>";
		};
/* End PBXGroup section */

/* Begin PBXNativeTarget section */
		671FBA3119D45B27000C8BAB /* IOTDemo1 */ = {
			isa = PBXNativeTarget;
			buildConfigurationList = 671FBA6719D45B27000C8BAB /* Build configuration list for PBXNativeTarget "IOTDemo1" */;
			buildPhases = (
				671FBA2E19D45B27000C8BAB /* Sources */,
				671FBA2F19D45B27000C8BAB /* Frameworks */,
				671FBA3019D45B27000C8BAB /* Resources */,
			);
			buildRules = (
			);
			dependencies = (
			);
			name = IOTDemo1;
			productName = IOTDemo1;
			productReference = 671FBA3219D45B27000C8BAB /* IOTDemo1.app */;
			productType = "com.apple.product-type.application";
		};
		671FBA5519D45B27000C8BAB /* IOTDemo1Tests */ = {
			isa = PBXNativeTarget;
			buildConfigurationList = 671FBA6A19D45B27000C8BAB /* Build configuration list for PBXNativeTarget "IOTDemo1Tests" */;
			buildPhases = (
				671FBA5219D45B27000C8BAB /* Sources */,
				671FBA5319D45B27000C8BAB /* Frameworks */,
				671FBA5419D45B27000C8BAB /* Resources */,
			);
			buildRules = (
			);
			dependencies = (
				671FBA5C19D45B27000C8BAB /* PBXTargetDependency */,
			);
			name = IOTDemo1Tests;
			productName = IOTDemo1Tests;
			productReference = 671FBA5619D45B27000C8BAB /* IOTDemo1Tests.xctest */;
			productType = "com.apple.product-type.bundle.unit-test";
		};
/* End PBXNativeTarget section */

/* Begin PBXProject section */
		671FBA2A19D45B27000C8BAB /* Project object */ = {
			isa = PBXProject;
			attributes = {
				CLASSPREFIX = L;
				LastUpgradeCheck = 0510;
				ORGANIZATIONNAME = "___SHARPFF___";
				TargetAttributes = {
					671FBA3119D45B27000C8BAB = {
						DevelopmentTeam = MQB2242NSG;
					};
					671FBA5519D45B27000C8BAB = {
						TestTargetID = 671FBA3119D45B27000C8BAB;
					};
				};
			};
			buildConfigurationList = 671FBA2D19D45B27000C8BAB /* Build configuration list for PBXProject "IOTDemo1" */;
			compatibilityVersion = "Xcode 3.2";
			developmentRegion = English;
			hasScannedForEncodings = 0;
			knownRegions = (
				en,
				Base,
			);
			mainGroup = 671FBA2919D45B27000C8BAB;
			productRefGroup = 671FBA3319D45B27000C8BAB /* Products */;
			projectDirPath = "";
			projectRoot = "";
			targets = (
				671FBA3119D45B27000C8BAB /* IOTDemo1 */,
				671FBA5519D45B27000C8BAB /* IOTDemo1Tests */,
			);
		};
/* End PBXProject section */

/* Begin PBXResourcesBuildPhase section */
		671FBA3019D45B27000C8BAB /* Resources */ = {
			isa = PBXResourcesBuildPhase;
			buildActionMask = 2147483647;
			files = (
				671FBA4C19D45B27000C8BAB /* Main_iPad.storyboard in Resources */,
				671FBA5119D45B27000C8BAB /* Images.xcassets in Resources */,
				671FBA4919D45B27000C8BAB /* Main_iPhone.storyboard in Resources */,
				671FBA4019D45B27000C8BAB /* InfoPlist.strings in Resources */,
			);
			runOnlyForDeploymentPostprocessing = 0;
		};
		671FBA5419D45B27000C8BAB /* Resources */ = {
			isa = PBXResourcesBuildPhase;
			buildActionMask = 2147483647;
			files = (
				671FBA6219D45B27000C8BAB /* InfoPlist.strings in Resources */,
			);
			runOnlyForDeploymentPostprocessing = 0;
		};
/* End PBXResourcesBuildPhase section */

/* Begin PBXSourcesBuildPhase section */
		671FBA2E19D45B27000C8BAB /* Sources */ = {
			isa = PBXSourcesBuildPhase;
			buildActionMask = 2147483647;
			files = (
				6708F71019D9AD3B00CA487E /* LOHMViewController.m in Sources */,
				671FBA4219D45B27000C8BAB /* main.m in Sources */,
				678C025319DBBA07000E5726 /* LHTTPViewController.m in Sources */,
				67D9095119E3BF2D0031CC81 /* LPicsTableViewCell.m in Sources */,
				678C025219DBBA07000E5726 /* LHTTPTableViewController.m in Sources */,
				671FBA4F19D45B27000C8BAB /* LViewController.m in Sources */,
				671FBA4619D45B27000C8BAB /* LAppDelegate.m in Sources */,
				67B0429219D83A0900A8FCF6 /* NetworkManager.m in Sources */,
				67D574BA19E3BE9F00891975 /* LPicsTableViewController.m in Sources */,
			);
			runOnlyForDeploymentPostprocessing = 0;
		};
		671FBA5219D45B27000C8BAB /* Sources */ = {
			isa = PBXSourcesBuildPhase;
			buildActionMask = 2147483647;
			files = (
				671FBA6419D45B27000C8BAB /* IOTDemo1Tests.m in Sources */,
			);
			runOnlyForDeploymentPostprocessing = 0;
		};
/* End PBXSourcesBuildPhase section */

/* Begin PBXTargetDependency section */
		671FBA5C19D45B27000C8BAB /* PBXTargetDependency */ = {
			isa = PBXTargetDependency;
			target = 671FBA3119D45B27000C8BAB /* IOTDemo1 */;
			targetProxy = 671FBA5B19D45B27000C8BAB /* PBXContainerItemProxy */;
		};
/* End PBXTargetDependency section */

/* Begin PBXVariantGroup section */
		671FBA3E19D45B27000C8BAB /* InfoPlist.strings */ = {
			isa = PBXVariantGroup;
			children = (
				671FBA3F19D45B27000C8BAB /* en */,
			);
			name = InfoPlist.strings;
			sourceTree = "<group>";
		};
		671FBA4719D45B27000C8BAB /* Main_iPhone.storyboard */ = {
			isa = PBXVariantGroup;
			children = (
				671FBA4819D45B27000C8BAB /* Base */,
			);
			name = Main_iPhone.storyboard;
			sourceTree = "<group>";
		};
		671FBA4A19D45B27000C8BAB /* Main_iPad.storyboard */ = {
			isa = PBXVariantGroup;
			children = (
				671FBA4B19D45B27000C8BAB /* Base */,
			);
			name = Main_iPad.storyboard;
			sourceTree = "<group>";
		};
		671FBA6019D45B27000C8BAB /* InfoPlist.strings */ = {
			isa = PBXVariantGroup;
			children = (
				671FBA6119D45B27000C8BAB /* en */,
			);
			name = InfoPlist.strings;
			sourceTree = "<group>";
		};
/* End PBXVariantGroup section */

/* Begin XCBuildConfiguration section */
		671FBA6519D45B27000C8BAB /* Debug */ = {
			isa = XCBuildConfiguration;
			buildSettings = {
				ALWAYS_SEARCH_USER_PATHS = NO;
				CLANG_CXX_LANGUAGE_STANDARD = "gnu++0x";
				CLANG_CXX_LIBRARY = "libc++";
				CLANG_ENABLE_MODULES = YES;
				CLANG_ENABLE_OBJC_ARC = YES;
				CLANG_WARN_BOOL_CONVERSION = YES;
				CLANG_WARN_CONSTANT_CONVERSION = YES;
				CLANG_WARN_DIRECT_OBJC_ISA_USAGE = YES_ERROR;
				CLANG_WARN_EMPTY_BODY = YES;
				CLANG_WARN_ENUM_CONVERSION = YES;
				CLANG_WARN_INT_CONVERSION = YES;
				CLANG_WARN_OBJC_ROOT_CLASS = YES_ERROR;
				CLANG_WARN__DUPLICATE_METHOD_MATCH = YES;
				"CODE_SIGN_IDENTITY[sdk=iphoneos*]" = "iPhone Developer";
				COPY_PHASE_STRIP = NO;
				GCC_C_LANGUAGE_STANDARD = gnu99;
				GCC_DYNAMIC_NO_PIC = NO;
				GCC_OPTIMIZATION_LEVEL = 0;
				GCC_PREPROCESSOR_DEFINITIONS = (
					"DEBUG=1",
					"$(inherited)",
				);
				GCC_SYMBOLS_PRIVATE_EXTERN = NO;
				GCC_WARN_64_TO_32_BIT_CONVERSION = YES;
				GCC_WARN_ABOUT_RETURN_TYPE = YES_ERROR;
				GCC_WARN_UNDECLARED_SELECTOR = YES;
				GCC_WARN_UNINITIALIZED_AUTOS = YES_AGGRESSIVE;
				GCC_WARN_UNUSED_FUNCTION = YES;
				GCC_WARN_UNUSED_VARIABLE = YES;
				HEADER_SEARCH_PATHS = (
					"$(inherited)",
					/Applications/Xcode.app/Contents/Developer/Toolchains/XcodeDefault.xctoolchain/usr/include,
					./common,
				);
				IPHONEOS_DEPLOYMENT_TARGET = 6.1;
				ONLY_ACTIVE_ARCH = YES;
				SDKROOT = iphoneos;
				TARGETED_DEVICE_FAMILY = "1,2";
			};
			name = Debug;
		};
		671FBA6619D45B27000C8BAB /* Release */ = {
			isa = XCBuildConfiguration;
			buildSettings = {
				ALWAYS_SEARCH_USER_PATHS = NO;
				CLANG_CXX_LANGUAGE_STANDARD = "gnu++0x";
				CLANG_CXX_LIBRARY = "libc++";
				CLANG_ENABLE_MODULES = YES;
				CLANG_ENABLE_OBJC_ARC = YES;
				CLANG_WARN_BOOL_CONVERSION = YES;
				CLANG_WARN_CONSTANT_CONVERSION = YES;
				CLANG_WARN_DIRECT_OBJC_ISA_USAGE = YES_ERROR;
				CLANG_WARN_EMPTY_BODY = YES;
				CLANG_WARN_ENUM_CONVERSION = YES;
				CLANG_WARN_INT_CONVERSION = YES;
				CLANG_WARN_OBJC_ROOT_CLASS = YES_ERROR;
				CLANG_WARN__DUPLICATE_METHOD_MATCH = YES;
				"CODE_SIGN_IDENTITY[sdk=iphoneos*]" = "iPhone Developer";
				COPY_PHASE_STRIP = YES;
				ENABLE_NS_ASSERTIONS = NO;
				GCC_C_LANGUAGE_STANDARD = gnu99;
				GCC_WARN_64_TO_32_BIT_CONVERSION = YES;
				GCC_WARN_ABOUT_RETURN_TYPE = YES_ERROR;
				GCC_WARN_UNDECLARED_SELECTOR = YES;
				GCC_WARN_UNINITIALIZED_AUTOS = YES_AGGRESSIVE;
				GCC_WARN_UNUSED_FUNCTION = YES;
				GCC_WARN_UNUSED_VARIABLE = YES;
				HEADER_SEARCH_PATHS = (
					"$(inherited)",
					/Applications/Xcode.app/Contents/Developer/Toolchains/XcodeDefault.xctoolchain/usr/include,
					./common,
				);
				IPHONEOS_DEPLOYMENT_TARGET = 6.1;
				SDKROOT = iphoneos;
				TARGETED_DEVICE_FAMILY = "1,2";
				VALIDATE_PRODUCT = YES;
			};
			name = Release;
		};
		671FBA6819D45B27000C8BAB /* Debug */ = {
			isa = XCBuildConfiguration;
			buildSettings = {
				ASSETCATALOG_COMPILER_APPICON_NAME = AppIcon;
				ASSETCATALOG_COMPILER_LAUNCHIMAGE_NAME = LaunchImage;
				CODE_SIGN_IDENTITY = "iPhone Developer";
				"CODE_SIGN_IDENTITY[sdk=iphoneos*]" = "iPhone Developer";
				GCC_PRECOMPILE_PREFIX_HEADER = YES;
				GCC_PREFIX_HEADER = "IOTDemo1/IOTDemo1-Prefix.pch";
				INFOPLIST_FILE = "IOTDemo1/IOTDemo1-Info.plist";
				PRODUCT_NAME = "$(TARGET_NAME)";
				PROVISIONING_PROFILE = "";
				WRAPPER_EXTENSION = app;
			};
			name = Debug;
		};
		671FBA6919D45B27000C8BAB /* Release */ = {
			isa = XCBuildConfiguration;
			buildSettings = {
				ASSETCATALOG_COMPILER_APPICON_NAME = AppIcon;
				ASSETCATALOG_COMPILER_LAUNCHIMAGE_NAME = LaunchImage;
				CODE_SIGN_IDENTITY = "iPhone Developer";
				"CODE_SIGN_IDENTITY[sdk=iphoneos*]" = "iPhone Developer";
				GCC_PRECOMPILE_PREFIX_HEADER = YES;
				GCC_PREFIX_HEADER = "IOTDemo1/IOTDemo1-Prefix.pch";
				INFOPLIST_FILE = "IOTDemo1/IOTDemo1-Info.plist";
				PRODUCT_NAME = "$(TARGET_NAME)";
				PROVISIONING_PROFILE = "";
				WRAPPER_EXTENSION = app;
			};
			name = Release;
		};
		671FBA6B19D45B27000C8BAB /* Debug */ = {
			isa = XCBuildConfiguration;
			buildSettings = {
				BUNDLE_LOADER = "$(BUILT_PRODUCTS_DIR)/IOTDemo1.app/IOTDemo1";
				FRAMEWORK_SEARCH_PATHS = (
					"$(SDKROOT)/Developer/Library/Frameworks",
					"$(inherited)",
					"$(DEVELOPER_FRAMEWORKS_DIR)",
				);
				GCC_PRECOMPILE_PREFIX_HEADER = YES;
				GCC_PREFIX_HEADER = "IOTDemo1/IOTDemo1-Prefix.pch";
				GCC_PREPROCESSOR_DEFINITIONS = (
					"DEBUG=1",
					"$(inherited)",
				);
				INFOPLIST_FILE = "IOTDemo1Tests/IOTDemo1Tests-Info.plist";
				PRODUCT_NAME = "$(TARGET_NAME)";
				TEST_HOST = "$(BUNDLE_LOADER)";
				WRAPPER_EXTENSION = xctest;
			};
			name = Debug;
		};
		671FBA6C19D45B27000C8BAB /* Release */ = {
			isa = XCBuildConfiguration;
			buildSettings = {
				BUNDLE_LOADER = "$(BUILT_PRODUCTS_DIR)/IOTDemo1.app/IOTDemo1";
				FRAMEWORK_SEARCH_PATHS = (
					"$(SDKROOT)/Developer/Library/Frameworks",
					"$(inherited)",
					"$(DEVELOPER_FRAMEWORKS_DIR)",
				);
				GCC_PRECOMPILE_PREFIX_HEADER = YES;
				GCC_PREFIX_HEADER = "IOTDemo1/IOTDemo1-Prefix.pch";
				INFOPLIST_FILE = "IOTDemo1Tests/IOTDemo1Tests-Info.plist";
				PRODUCT_NAME = "$(TARGET_NAME)";
				TEST_HOST = "$(BUNDLE_LOADER)";
				WRAPPER_EXTENSION = xctest;
			};
			name = Release;
		};
/* End XCBuildConfiguration section */

/* Begin XCConfigurationList section */
		671FBA2D19D45B27000C8BAB /* Build configuration list for PBXProject "IOTDemo1" */ = {
			isa = XCConfigurationList;
			buildConfigurations = (
				671FBA6519D45B27000C8BAB /* Debug */,
				671FBA6619D45B27000C8BAB /* Release */,
			);
			defaultConfigurationIsVisible = 0;
			defaultConfigurationName = Release;
		};
		671FBA6719D45B27000C8BAB /* Build configuration list for PBXNativeTarget "IOTDemo1" */ = {
			isa = XCConfigurationList;
			buildConfigurations = (
				671FBA6819D45B27000C8BAB /* Debug */,
				671FBA6919D45B27000C8BAB /* Release */,
			);
			defaultConfigurationIsVisible = 0;
			defaultConfigurationName = Release;
		};
		671FBA6A19D45B27000C8BAB /* Build configuration list for PBXNativeTarget "IOTDemo1Tests" */ = {
			isa = XCConfigurationList;
			buildConfigurations = (
				671FBA6B19D45B27000C8BAB /* Debug */,
				671FBA6C19D45B27000C8BAB /* Release */,
			);
			defaultConfigurationIsVisible = 0;
			defaultConfigurationName = Release;
		};
/* End XCConfigurationList section */
	};
	rootObject = 671FBA2A19D45B27000C8BAB /* Project object */;
}
